// !$*UTF8*$!
{
	archiveVersion = 1;
	classes = {
	};
	objectVersion = 70;
	objects = {

/* Begin PBXBuildFile section */
		10F4172E2EEBA067004A9FD3 /* BottomTabBar_iOS.swift in Sources */ = {isa = PBXBuildFile; fileRef = 10F4172D2EEBA067004A9FD3 /* BottomTabBar_iOS.swift */; };
		10F417362EEBACE7004A9FD3 /* Acorn.png in Resources */ = {isa = PBXBuildFile; fileRef = 10F417352EEBACE7004A9FD3 /* Acorn.png */; };
		10F4173C2EEBB46C004A9FD3 /* Fridge.png in Resources */ = {isa = PBXBuildFile; fileRef = 10F4173B2EEBB46C004A9FD3 /* Fridge.png */; };
		10FB00D52EEA668A00A65E91 /* hammer.icon in Resources */ = {isa = PBXBuildFile; fileRef = 10FB00D42EEA668A00A65E91 /* hammer.icon */; };
		10FB00D62EEA68DB00A65E91 /* TypographyDemoView.swift in Sources */ = {isa = PBXBuildFile; fileRef = ADC326062EE8D86B0078F356 /* TypographyDemoView.swift */; };
		10FB00D72EEA690C00A65E91 /* Bucket.svg in Resources */ = {isa = PBXBuildFile; fileRef = 10BAEF502EE72B0800C8435B /* Bucket.svg */; };
		10FB00D82EEA690C00A65E91 /* Assets.xcassets in Resources */ = {isa = PBXBuildFile; fileRef = A1000030230F0000 /* Assets.xcassets */; };
		10FB00D92EEA690C00A65E91 /* logo.svg in Resources */ = {isa = PBXBuildFile; fileRef = 10BAEF522EE72B0800C8435B /* logo.svg */; };
		10FB00DA2EEA690C00A65E91 /* Profile.svg in Resources */ = {isa = PBXBuildFile; fileRef = 10BAEF532EE72B0800C8435B /* Profile.svg */; };
		10FB00DC2EEA690C00A65E91 /* Store.svg in Resources */ = {isa = PBXBuildFile; fileRef = 10BAEF552EE72B0800C8435B /* Store.svg */; };
		10FB00DE2EEA690C00A65E91 /* Cart.svg in Resources */ = {isa = PBXBuildFile; fileRef = 10BAEF512EE72B0800C8435B /* Cart.svg */; };
		10FB00DF2EEA690C00A65E91 /* ProX.svg in Resources */ = {isa = PBXBuildFile; fileRef = 10BAEF542EE72B0800C8435B /* ProX.svg */; };
		10FB00E02EEA690C00A65E91 /* ProductSystem.swift in Sources */ = {isa = PBXBuildFile; fileRef = 10D8C99D2EE0C9D7002D4F05 /* ProductSystem.swift */; };
		10FB00E12EEA690C00A65E91 /* ProductListingPage.swift in Sources */ = {isa = PBXBuildFile; fileRef = 10D8C9CA2EE0F842002D4F05 /* ProductListingPage.swift */; };
		10FB00E22EEA690C00A65E91 /* TokensSemanticTheme.swift in Sources */ = {isa = PBXBuildFile; fileRef = ADEF28522EE8C46B00930A9B /* TokensSemanticTheme.swift */; };
		10FB00E32EEA690C00A65E91 /* CustomFonts.swift in Sources */ = {isa = PBXBuildFile; fileRef = 10F74F8A2EE22DFA007DA5FE /* CustomFonts.swift */; };
		10FB00E42EEA690C00A65E91 /* Morph_Menu.swift in Sources */ = {isa = PBXBuildFile; fileRef = 10D8C99A2EE0C9D7002D4F05 /* Morph_Menu.swift */; };
		10FB00E52EEA690C00A65E91 /* TokensComponentsTheme.swift in Sources */ = {isa = PBXBuildFile; fileRef = ADEF284C2EE8C46B00930A9B /* TokensComponentsTheme.swift */; };
		10FB00E62EEA690C00A65E91 /* TokensCoreTheme.swift in Sources */ = {isa = PBXBuildFile; fileRef = ADEF284F2EE8C46B00930A9B /* TokensCoreTheme.swift */; };
		10FB00E72EEA690C00A65E91 /* DesignSystemGlobal.swift in Sources */ = {isa = PBXBuildFile; fileRef = 101242AC2EEA59270032D4D3 /* DesignSystemGlobal.swift */; };
		10FB00E82EEA690C00A65E91 /* AppBackground.swift in Sources */ = {isa = PBXBuildFile; fileRef = A1000015230F0000 /* AppBackground.swift */; };
		10FB00E92EEA690C00A65E91 /* TokensSpacing.swift in Sources */ = {isa = PBXBuildFile; fileRef = ADC325FC2EE8D2330078F356 /* TokensSpacing.swift */; };
		10FB00EA2EEA690C00A65E91 /* ProductCard.swift in Sources */ = {isa = PBXBuildFile; fileRef = 10D8C99C2EE0C9D7002D4F05 /* ProductCard.swift */; };
		10FB00EB2EEA690C00A65E91 /* TokensSemanticDark.swift in Sources */ = {isa = PBXBuildFile; fileRef = ADEF28502EE8C46B00930A9B /* TokensSemanticDark.swift */; };
		10FB00EC2EEA690C00A65E91 /* TokensCoreLight.swift in Sources */ = {isa = PBXBuildFile; fileRef = ADEF284E2EE8C46B00930A9B /* TokensCoreLight.swift */; };
		10FB00ED2EEA690C00A65E91 /* Bottom_Nav.swift in Sources */ = {isa = PBXBuildFile; fileRef = 10D8C9972EE0C9D7002D4F05 /* Bottom_Nav.swift */; };
		10FB00EE2EEA690C00A65E91 /* SearchSheet.swift in Sources */ = {isa = PBXBuildFile; fileRef = 10D8C99F2EE0C9D7002D4F05 /* SearchSheet.swift */; };
		10FB00EF2EEA690C00A65E91 /* BottomTabBar_Standard.swift in Sources */ = {isa = PBXBuildFile; fileRef = 10BAEF4E2EE72ACB00C8435B /* BottomTabBar_Standard.swift */; };
		10FB00F02EEA690C00A65E91 /* TokensSemanticLight.swift in Sources */ = {isa = PBXBuildFile; fileRef = ADEF28512EE8C46B00930A9B /* TokensSemanticLight.swift */; };
		10FB00F12EEA690C00A65E91 /* TokensComponentsDark.swift in Sources */ = {isa = PBXBuildFile; fileRef = ADEF284A2EE8C46B00930A9B /* TokensComponentsDark.swift */; };
		10FB00F22EEA690C00A65E91 /* FontVerificationView.swift in Sources */ = {isa = PBXBuildFile; fileRef = ADA2EC092EE63DCF00F8D447 /* FontVerificationView.swift */; };
		10FB00F32EEA690C00A65E91 /* TokensComponentsLight.swift in Sources */ = {isa = PBXBuildFile; fileRef = ADEF284B2EE8C46B00930A9B /* TokensComponentsLight.swift */; };
		10FB00F42EEA690C00A65E91 /* TokensCoreDark.swift in Sources */ = {isa = PBXBuildFile; fileRef = ADEF284D2EE8C46B00930A9B /* TokensCoreDark.swift */; };
		10FB00F52EEA690C00A65E91 /* AddToSheet.swift in Sources */ = {isa = PBXBuildFile; fileRef = 10D8C9942EE0C9D7002D4F05 /* AddToSheet.swift */; };
		10FB00F62EEA690C00A65E91 /* SoftScrollEdgeModifier.swift in Sources */ = {isa = PBXBuildFile; fileRef = AD3B142B2EE66AD3008CBC4D /* SoftScrollEdgeModifier.swift */; };
		10FB00F92EEA69BB00A65E91 /* THD LgVar Beta.ttf in Resources */ = {isa = PBXBuildFile; fileRef = 10FB00F72EEA69BB00A65E91 /* THD LgVar Beta.ttf */; };
		10FB00FA2EEA69BB00A65E91 /* THD SmVar Beta.ttf in Resources */ = {isa = PBXBuildFile; fileRef = 10FB00F82EEA69BB00A65E91 /* THD SmVar Beta.ttf */; };
		10FB01272EEB11A200A65E91 /* SearchDemoView.swift in Sources */ = {isa = PBXBuildFile; fileRef = 10FB011D2EEB11A200A65E91 /* SearchDemoView.swift */; };
		AD29C4AD2EED0C8400AA5B40 /* PLPView.swift in Sources */ = {isa = PBXBuildFile; fileRef = AD29C4AC2EED0C8400AA5B40 /* PLPView.swift */; };
/* End PBXBuildFile section */

/* Begin PBXFileReference section */
		101242AC2EEA59270032D4D3 /* DesignSystemGlobal.swift */ = {isa = PBXFileReference; lastKnownFileType = sourcecode.swift; path = DesignSystemGlobal.swift; sourceTree = "<group>"; };
		10BAEF4E2EE72ACB00C8435B /* BottomTabBar_Standard.swift */ = {isa = PBXFileReference; lastKnownFileType = sourcecode.swift; path = BottomTabBar_Standard.swift; sourceTree = "<group>"; };
		10BAEF502EE72B0800C8435B /* Bucket.svg */ = {isa = PBXFileReference; lastKnownFileType = text; path = Bucket.svg; sourceTree = "<group>"; };
		10BAEF512EE72B0800C8435B /* Cart.svg */ = {isa = PBXFileReference; lastKnownFileType = text; path = Cart.svg; sourceTree = "<group>"; };
		10BAEF522EE72B0800C8435B /* logo.svg */ = {isa = PBXFileReference; lastKnownFileType = text; path = logo.svg; sourceTree = "<group>"; };
		10BAEF532EE72B0800C8435B /* Profile.svg */ = {isa = PBXFileReference; lastKnownFileType = text; path = Profile.svg; sourceTree = "<group>"; };
		10BAEF542EE72B0800C8435B /* ProX.svg */ = {isa = PBXFileReference; lastKnownFileType = text; path = ProX.svg; sourceTree = "<group>"; };
		10BAEF552EE72B0800C8435B /* Store.svg */ = {isa = PBXFileReference; lastKnownFileType = text; path = Store.svg; sourceTree = "<group>"; };
		10BB48D22EE761B70000B150 /* COMPONENT_CATALOG_STATUS.md */ = {isa = PBXFileReference; lastKnownFileType = net.daringfireball.markdown; path = COMPONENT_CATALOG_STATUS.md; sourceTree = "<group>"; };
		10D8C9942EE0C9D7002D4F05 /* AddToSheet.swift */ = {isa = PBXFileReference; lastKnownFileType = sourcecode.swift; path = AddToSheet.swift; sourceTree = "<group>"; };
		10D8C9972EE0C9D7002D4F05 /* Bottom_Nav.swift */ = {isa = PBXFileReference; lastKnownFileType = sourcecode.swift; path = Bottom_Nav.swift; sourceTree = "<group>"; };
		10D8C99A2EE0C9D7002D4F05 /* Morph_Menu.swift */ = {isa = PBXFileReference; lastKnownFileType = sourcecode.swift; path = Morph_Menu.swift; sourceTree = "<group>"; };
		10D8C99C2EE0C9D7002D4F05 /* ProductCard.swift */ = {isa = PBXFileReference; lastKnownFileType = sourcecode.swift; path = ProductCard.swift; sourceTree = "<group>"; };
		10D8C99D2EE0C9D7002D4F05 /* ProductSystem.swift */ = {isa = PBXFileReference; lastKnownFileType = sourcecode.swift; path = ProductSystem.swift; sourceTree = "<group>"; };
		10D8C99F2EE0C9D7002D4F05 /* SearchSheet.swift */ = {isa = PBXFileReference; lastKnownFileType = sourcecode.swift; path = SearchSheet.swift; sourceTree = "<group>"; };
		10D8C9CA2EE0F842002D4F05 /* ProductListingPage.swift */ = {isa = PBXFileReference; lastKnownFileType = sourcecode.swift; path = ProductListingPage.swift; sourceTree = "<group>"; };
		10F4172D2EEBA067004A9FD3 /* BottomTabBar_iOS.swift */ = {isa = PBXFileReference; lastKnownFileType = sourcecode.swift; path = BottomTabBar_iOS.swift; sourceTree = "<group>"; };
		10F417352EEBACE7004A9FD3 /* Acorn.png */ = {isa = PBXFileReference; lastKnownFileType = image.png; path = Acorn.png; sourceTree = "<group>"; };
		10F4173B2EEBB46C004A9FD3 /* Fridge.png */ = {isa = PBXFileReference; lastKnownFileType = image.png; path = Fridge.png; sourceTree = "<group>"; };
		10F74F8A2EE22DFA007DA5FE /* CustomFonts.swift */ = {isa = PBXFileReference; lastKnownFileType = sourcecode.swift; path = CustomFonts.swift; sourceTree = "<group>"; };
		10FB00C62EEA62D700A65E91 /* CameraEye.app */ = {isa = PBXFileReference; explicitFileType = wrapper.application; includeInIndex = 0; path = CameraEye.app; sourceTree = BUILT_PRODUCTS_DIR; };
		10FB00D42EEA668A00A65E91 /* hammer.icon */ = {isa = PBXFileReference; lastKnownFileType = folder.iconcomposer.icon; path = hammer.icon; sourceTree = "<group>"; };
		10FB00F72EEA69BB00A65E91 /* THD LgVar Beta.ttf */ = {isa = PBXFileReference; lastKnownFileType = file; path = "THD LgVar Beta.ttf"; sourceTree = "<group>"; };
		10FB00F82EEA69BB00A65E91 /* THD SmVar Beta.ttf */ = {isa = PBXFileReference; lastKnownFileType = file; path = "THD SmVar Beta.ttf"; sourceTree = "<group>"; };
		10FB011D2EEB11A200A65E91 /* SearchDemoView.swift */ = {isa = PBXFileReference; lastKnownFileType = sourcecode.swift; path = SearchDemoView.swift; sourceTree = "<group>"; };
		A1000015230F0000 /* AppBackground.swift */ = {isa = PBXFileReference; lastKnownFileType = sourcecode.swift; path = AppBackground.swift; sourceTree = "<group>"; };
		A1000030230F0000 /* Assets.xcassets */ = {isa = PBXFileReference; lastKnownFileType = folder.assetcatalog; path = Assets.xcassets; sourceTree = SOURCE_ROOT; };
		A1000031230F0000 /* Preview Assets.xcassets */ = {isa = PBXFileReference; lastKnownFileType = folder.assetcatalog; path = "Preview Assets.xcassets"; sourceTree = "<group>"; };
		AD29C4AC2EED0C8400AA5B40 /* PLPView.swift */ = {isa = PBXFileReference; lastKnownFileType = sourcecode.swift; path = PLPView.swift; sourceTree = "<group>"; };
		AD3B142B2EE66AD3008CBC4D /* SoftScrollEdgeModifier.swift */ = {isa = PBXFileReference; lastKnownFileType = sourcecode.swift; path = SoftScrollEdgeModifier.swift; sourceTree = "<group>"; };
		ADA2EC092EE63DCF00F8D447 /* FontVerificationView.swift */ = {isa = PBXFileReference; lastKnownFileType = sourcecode.swift; path = FontVerificationView.swift; sourceTree = "<group>"; };
		ADA8ACAE2EE9D0D900EC2C40 /* ComponentTest-Info.plist */ = {isa = PBXFileReference; lastKnownFileType = text.plist.xml; path = "ComponentTest-Info.plist"; sourceTree = "<group>"; };
		ADC325FC2EE8D2330078F356 /* TokensSpacing.swift */ = {isa = PBXFileReference; lastKnownFileType = sourcecode.swift; path = TokensSpacing.swift; sourceTree = "<group>"; };
		ADC326062EE8D86B0078F356 /* TypographyDemoView.swift */ = {isa = PBXFileReference; lastKnownFileType = sourcecode.swift; path = TypographyDemoView.swift; sourceTree = "<group>"; };
		ADEF284A2EE8C46B00930A9B /* TokensComponentsDark.swift */ = {isa = PBXFileReference; lastKnownFileType = sourcecode.swift; path = TokensComponentsDark.swift; sourceTree = "<group>"; };
		ADEF284B2EE8C46B00930A9B /* TokensComponentsLight.swift */ = {isa = PBXFileReference; lastKnownFileType = sourcecode.swift; path = TokensComponentsLight.swift; sourceTree = "<group>"; };
		ADEF284C2EE8C46B00930A9B /* TokensComponentsTheme.swift */ = {isa = PBXFileReference; lastKnownFileType = sourcecode.swift; path = TokensComponentsTheme.swift; sourceTree = "<group>"; };
		ADEF284D2EE8C46B00930A9B /* TokensCoreDark.swift */ = {isa = PBXFileReference; lastKnownFileType = sourcecode.swift; path = TokensCoreDark.swift; sourceTree = "<group>"; };
		ADEF284E2EE8C46B00930A9B /* TokensCoreLight.swift */ = {isa = PBXFileReference; lastKnownFileType = sourcecode.swift; path = TokensCoreLight.swift; sourceTree = "<group>"; };
		ADEF284F2EE8C46B00930A9B /* TokensCoreTheme.swift */ = {isa = PBXFileReference; lastKnownFileType = sourcecode.swift; path = TokensCoreTheme.swift; sourceTree = "<group>"; };
		ADEF28502EE8C46B00930A9B /* TokensSemanticDark.swift */ = {isa = PBXFileReference; lastKnownFileType = sourcecode.swift; path = TokensSemanticDark.swift; sourceTree = "<group>"; };
		ADEF28512EE8C46B00930A9B /* TokensSemanticLight.swift */ = {isa = PBXFileReference; lastKnownFileType = sourcecode.swift; path = TokensSemanticLight.swift; sourceTree = "<group>"; };
		ADEF28522EE8C46B00930A9B /* TokensSemanticTheme.swift */ = {isa = PBXFileReference; lastKnownFileType = sourcecode.swift; path = TokensSemanticTheme.swift; sourceTree = "<group>"; };
/* End PBXFileReference section */

/* Begin PBXFileSystemSynchronizedBuildFileExceptionSet section */
		AD0C27302EEF849400BEB56E /* PBXFileSystemSynchronizedBuildFileExceptionSet */ = {
			isa = PBXFileSystemSynchronizedBuildFileExceptionSet;
			membershipExceptions = (
				DEBUGGING_STYLE_PILL_IMAGES.md,
				DRILL_IMAGE_MAPPING.md,
				DSPLP_FILTER_PANEL_TYPOGRAPHY_UPDATE.md,
				FINAL_FIX_DIMENSIONS.md,
				FINAL_SOLUTION_FRENCH_DOOR_JSON.md,
				FIX_JSON_DECODING_ERROR.md,
				FRENCH_DOOR_JSON_INTEGRATION.md,
				IMAGE_LOADING_FIX.md,
				IMAGE_LOADING_QUICK_FIX.md,
				IMAGE_LOADING_TROUBLESHOOTING_GUIDE.md,
				IMAGE_LOADING_VERIFICATION.md,
				JSON_DECODING_FIXES_COMPLETE.md,
				JSON_STRUCTURE_GUIDE.md,
				PLP_CATEGORIES_ADDED.md,
				PLP_DATA_FLOW.md,
				PLP_FILTER_PANEL_UPDATE.md,
				PLP_IMAGE_ASSETS_GUIDE.md,
				PLP_IMPLEMENTATION_COMPLETE.md,
				PLP_IMPLEMENTATION.md,
				PLP_PRODUCT_IMAGES_FLOW.md,
				PLP_PRODUCT_IMAGES_GUIDE.md,
				PLP_PRODUCT_IMAGES_SUMMARY.md,
				PLP_QUICK_REFERENCE.md,
				PLP_UPDATED_TO_MODERN_COMPONENTS.md,
				PRODUCT_IMAGE_LOADING_GUIDE.md,
				PRODUCT_IMAGES_LOCAL_LOADING.md,
				README_SETUP.md,
				SOLUTION_REFRIGERATOR_IMAGES.md,
				TYPOGRAPHY_UPDATE_QUICK_REFERENCE.md,
			);
			target = 10FB00C52EEA62D700A65E91 /* CameraEye */;
		};
/* End PBXFileSystemSynchronizedBuildFileExceptionSet section */

/* Begin PBXFileSystemSynchronizedRootGroup section */
		10F416FD2EEB6873004A9FD3 /* DS Components */ = {isa = PBXFileSystemSynchronizedRootGroup; explicitFileTypes = {}; explicitFolders = (); path = "DS Components"; sourceTree = "<group>"; };
		10FB00C72EEA62D700A65E91 /* CameraEye */ = {isa = PBXFileSystemSynchronizedRootGroup; explicitFileTypes = {}; explicitFolders = (); path = CameraEye; sourceTree = "<group>"; };
		10FB00FC2EEB117E00A65E91 /* Search Assets */ = {isa = PBXFileSystemSynchronizedRootGroup; explicitFileTypes = {}; explicitFolders = (); path = "Search Assets"; sourceTree = "<group>"; };
		10FB01512EEB11D100A65E91 /* _docs */ = {isa = PBXFileSystemSynchronizedRootGroup; exceptions = (AD0C27302EEF849400BEB56E /* PBXFileSystemSynchronizedBuildFileExceptionSet */, ); explicitFileTypes = {}; explicitFolders = (); path = _docs; sourceTree = "<group>"; };
		10FB01522EEB22F300A65E91 /* Showcase */ = {isa = PBXFileSystemSynchronizedRootGroup; explicitFileTypes = {}; explicitFolders = (); path = Showcase; sourceTree = "<group>"; };
		1659DCCA2BC7496D957FF371 /* HomeScreen */ = {isa = PBXFileSystemSynchronizedRootGroup; explicitFileTypes = {}; explicitFolders = (); path = HomeScreen; sourceTree = "<group>"; };
		AD29C4AE2EED0D5F00AA5B40 /* Data */ = {isa = PBXFileSystemSynchronizedRootGroup; explicitFileTypes = {}; explicitFolders = (); path = Data; sourceTree = "<group>"; };
		AD3E5E332EEFA0D6003C1630 /* product-images */ = {isa = PBXFileSystemSynchronizedRootGroup; explicitFileTypes = {}; explicitFolders = (); path = "product-images"; sourceTree = "<group>"; };
/* End PBXFileSystemSynchronizedRootGroup section */

/* Begin PBXFrameworksBuildPhase section */
		10FB00C32EEA62D700A65E91 /* Frameworks */ = {
			isa = PBXFrameworksBuildPhase;
			buildActionMask = 2147483647;
			files = (
			);
			runOnlyForDeploymentPostprocessing = 0;
		};
/* End PBXFrameworksBuildPhase section */

/* Begin PBXGroup section */
		A1000050230F0000 = {
			isa = PBXGroup;
			children = (
				A1000051230F0000 /* Components */,
				A1000052230F0000 /* DesignSystem */,
				A1000053230F0000 /* ComponentDemos */,
				A1000054230F0000 /* Assets */,
				A1000055230F0000 /* Preview Content */,
				10FB00C72EEA62D700A65E91 /* CameraEye */,
				A1000056230F0000 /* Products */,
				ADA8ACAE2EE9D0D900EC2C40 /* ComponentTest-Info.plist */,
			);
			sourceTree = "<group>";
		};
		A1000051230F0000 /* Components */ = {
			isa = PBXGroup;
			children = (
				10F416FD2EEB6873004A9FD3 /* DS Components */,
				10D8C9942EE0C9D7002D4F05 /* AddToSheet.swift */,
				10D8C9972EE0C9D7002D4F05 /* Bottom_Nav.swift */,
				10D8C99A2EE0C9D7002D4F05 /* Morph_Menu.swift */,
				10D8C99C2EE0C9D7002D4F05 /* ProductCard.swift */,
				10D8C99D2EE0C9D7002D4F05 /* ProductSystem.swift */,
				10D8C99F2EE0C9D7002D4F05 /* SearchSheet.swift */,
				10BAEF4E2EE72ACB00C8435B /* BottomTabBar_Standard.swift */,
				101242AC2EEA59270032D4D3 /* DesignSystemGlobal.swift */,
				10F4172D2EEBA067004A9FD3 /* BottomTabBar_iOS.swift */,
				AD29C4AC2EED0C8400AA5B40 /* PLPView.swift */,
			);
			name = Components;
			sourceTree = "<group>";
		};
		A1000052230F0000 /* DesignSystem */ = {
			isa = PBXGroup;
			children = (
				10FB01522EEB22F300A65E91 /* Showcase */,
				10F74F8A2EE22DFA007DA5FE /* CustomFonts.swift */,
				A1000015230F0000 /* AppBackground.swift */,
				10BB48D22EE761B70000B150 /* COMPONENT_CATALOG_STATUS.md */,
				ADEF28532EE8C46B00930A9B /* Tokens */,
			);
			path = DesignSystem;
			sourceTree = "<group>";
		};
		A1000053230F0000 /* ComponentDemos */ = {
			isa = PBXGroup;
			children = (
				10FB01512EEB11D100A65E91 /* _docs */,
				1659DCCA2BC7496D957FF371 /* HomeScreen */,
				ADA2EC092EE63DCF00F8D447 /* FontVerificationView.swift */,
				10D8C9CA2EE0F842002D4F05 /* ProductListingPage.swift */,
				AD3B142B2EE66AD3008CBC4D /* SoftScrollEdgeModifier.swift */,
				ADC326062EE8D86B0078F356 /* TypographyDemoView.swift */,
				10FB011D2EEB11A200A65E91 /* SearchDemoView.swift */,
				AD29C4AE2EED0D5F00AA5B40 /* Data */,
			);
			path = ComponentDemos;
			sourceTree = "<group>";
		};
		A1000054230F0000 /* Assets */ = {
			isa = PBXGroup;
			children = (
				10FB00FC2EEB117E00A65E91 /* Search Assets */,
				A1000030230F0000 /* Assets.xcassets */,
				10BAEF502EE72B0800C8435B /* Bucket.svg */,
				10BAEF512EE72B0800C8435B /* Cart.svg */,
				10BAEF522EE72B0800C8435B /* logo.svg */,
				10BAEF532EE72B0800C8435B /* Profile.svg */,
				10BAEF542EE72B0800C8435B /* ProX.svg */,
				10BAEF552EE72B0800C8435B /* Store.svg */,
				10FB00D42EEA668A00A65E91 /* hammer.icon */,
				10FB00F72EEA69BB00A65E91 /* THD LgVar Beta.ttf */,
				10FB00F82EEA69BB00A65E91 /* THD SmVar Beta.ttf */,
				10F417352EEBACE7004A9FD3 /* Acorn.png */,
				10F4173B2EEBB46C004A9FD3 /* Fridge.png */,
				AD3E5E332EEFA0D6003C1630 /* product-images */,
			);
			name = Assets;
			sourceTree = "<group>";
		};
		A1000055230F0000 /* Preview Content */ = {
			isa = PBXGroup;
			children = (
				A1000031230F0000 /* Preview Assets.xcassets */,
			);
			path = "Preview Content";
			sourceTree = "<group>";
		};
		A1000056230F0000 /* Products */ = {
			isa = PBXGroup;
			children = (
				10FB00C62EEA62D700A65E91 /* CameraEye.app */,
			);
			name = Products;
			sourceTree = "<group>";
		};
		ADEF28532EE8C46B00930A9B /* Tokens */ = {
			isa = PBXGroup;
			children = (
				ADEF284A2EE8C46B00930A9B /* TokensComponentsDark.swift */,
				ADEF284B2EE8C46B00930A9B /* TokensComponentsLight.swift */,
				ADEF284C2EE8C46B00930A9B /* TokensComponentsTheme.swift */,
				ADEF284D2EE8C46B00930A9B /* TokensCoreDark.swift */,
				ADEF284E2EE8C46B00930A9B /* TokensCoreLight.swift */,
				ADEF284F2EE8C46B00930A9B /* TokensCoreTheme.swift */,
				ADEF28502EE8C46B00930A9B /* TokensSemanticDark.swift */,
				ADEF28512EE8C46B00930A9B /* TokensSemanticLight.swift */,
				ADEF28522EE8C46B00930A9B /* TokensSemanticTheme.swift */,
				ADC325FC2EE8D2330078F356 /* TokensSpacing.swift */,
			);
			path = Tokens;
			sourceTree = "<group>";
		};
/* End PBXGroup section */

/* Begin PBXNativeTarget section */
		10FB00C52EEA62D700A65E91 /* CameraEye */ = {
			isa = PBXNativeTarget;
			buildConfigurationList = 10FB00D02EEA62D800A65E91 /* Build configuration list for PBXNativeTarget "CameraEye" */;
			buildPhases = (
				10FB00C22EEA62D700A65E91 /* Sources */,
				10FB00C32EEA62D700A65E91 /* Frameworks */,
				10FB00C42EEA62D700A65E91 /* Resources */,
			);
			buildRules = (
			);
			dependencies = (
			);
			fileSystemSynchronizedGroups = (
				10F416FD2EEB6873004A9FD3 /* DS Components */,
				10FB00C72EEA62D700A65E91 /* CameraEye */,
				10FB00FC2EEB117E00A65E91 /* Search Assets */,
				10FB01522EEB22F300A65E91 /* Showcase */,
				1659DCCA2BC7496D957FF371 /* HomeScreen */,
				AD29C4AE2EED0D5F00AA5B40 /* Data */,
				AD3E5E332EEFA0D6003C1630 /* product-images */,
			);
			name = CameraEye;
			packageProductDependencies = (
			);
			productName = CameraEye;
			productReference = 10FB00C62EEA62D700A65E91 /* CameraEye.app */;
			productType = "com.apple.product-type.application";
		};
/* End PBXNativeTarget section */

/* Begin PBXProject section */
		A1000080230F0000 /* Project object */ = {
			isa = PBXProject;
			attributes = {
				BuildIndependentTargetsInParallel = 1;
				LastSwiftUpdateCheck = 2610;
				LastUpgradeCheck = 2610;
				TargetAttributes = {
					10FB00C52EEA62D700A65E91 = {
						CreatedOnToolsVersion = 26.1.1;
					};
				};
			};
			buildConfigurationList = A1000081230F0000 /* Build configuration list for PBXProject "CameraEye" */;
			compatibilityVersion = "Xcode 14.0";
			developmentRegion = en;
			hasScannedForEncodings = 0;
			knownRegions = (
				en,
				Base,
			);
			mainGroup = A1000050230F0000;
			productRefGroup = A1000056230F0000 /* Products */;
			projectDirPath = "";
			projectRoot = "";
			targets = (
				10FB00C52EEA62D700A65E91 /* CameraEye */,
			);
		};
/* End PBXProject section */

/* Begin PBXResourcesBuildPhase section */
		10FB00C42EEA62D700A65E91 /* Resources */ = {
			isa = PBXResourcesBuildPhase;
			buildActionMask = 2147483647;
			files = (
				10FB00D72EEA690C00A65E91 /* Bucket.svg in Resources */,
				10FB00F92EEA69BB00A65E91 /* THD LgVar Beta.ttf in Resources */,
				10FB00FA2EEA69BB00A65E91 /* THD SmVar Beta.ttf in Resources */,
				10FB00D82EEA690C00A65E91 /* Assets.xcassets in Resources */,
				10F4173C2EEBB46C004A9FD3 /* Fridge.png in Resources */,
				10FB00D92EEA690C00A65E91 /* logo.svg in Resources */,
				10FB00DA2EEA690C00A65E91 /* Profile.svg in Resources */,
				10FB00DC2EEA690C00A65E91 /* Store.svg in Resources */,
				10FB00DE2EEA690C00A65E91 /* Cart.svg in Resources */,
				10F417362EEBACE7004A9FD3 /* Acorn.png in Resources */,
				10FB00DF2EEA690C00A65E91 /* ProX.svg in Resources */,
				10FB00D52EEA668A00A65E91 /* hammer.icon in Resources */,
			);
			runOnlyForDeploymentPostprocessing = 0;
		};
/* End PBXResourcesBuildPhase section */

/* Begin PBXSourcesBuildPhase section */
		10FB00C22EEA62D700A65E91 /* Sources */ = {
			isa = PBXSourcesBuildPhase;
			buildActionMask = 2147483647;
			files = (
				10FB00D62EEA68DB00A65E91 /* TypographyDemoView.swift in Sources */,
				10FB00E02EEA690C00A65E91 /* ProductSystem.swift in Sources */,
				10FB00E12EEA690C00A65E91 /* ProductListingPage.swift in Sources */,
				10FB00E22EEA690C00A65E91 /* TokensSemanticTheme.swift in Sources */,
				10FB00E32EEA690C00A65E91 /* CustomFonts.swift in Sources */,
				10FB00E42EEA690C00A65E91 /* Morph_Menu.swift in Sources */,
				10FB00E52EEA690C00A65E91 /* TokensComponentsTheme.swift in Sources */,
				10FB00E62EEA690C00A65E91 /* TokensCoreTheme.swift in Sources */,
				10FB00E72EEA690C00A65E91 /* DesignSystemGlobal.swift in Sources */,
				10F4172E2EEBA067004A9FD3 /* BottomTabBar_iOS.swift in Sources */,
				10FB00E82EEA690C00A65E91 /* AppBackground.swift in Sources */,
				10FB00E92EEA690C00A65E91 /* TokensSpacing.swift in Sources */,
				10FB01272EEB11A200A65E91 /* SearchDemoView.swift in Sources */,
				10FB00EA2EEA690C00A65E91 /* ProductCard.swift in Sources */,
				10FB00EB2EEA690C00A65E91 /* TokensSemanticDark.swift in Sources */,
				10FB00EC2EEA690C00A65E91 /* TokensCoreLight.swift in Sources */,
				10FB00ED2EEA690C00A65E91 /* Bottom_Nav.swift in Sources */,
				10FB00EE2EEA690C00A65E91 /* SearchSheet.swift in Sources */,
				10FB00EF2EEA690C00A65E91 /* BottomTabBar_Standard.swift in Sources */,
				10FB00F02EEA690C00A65E91 /* TokensSemanticLight.swift in Sources */,
				10FB00F12EEA690C00A65E91 /* TokensComponentsDark.swift in Sources */,
				10FB00F22EEA690C00A65E91 /* FontVerificationView.swift in Sources */,
				10FB00F32EEA690C00A65E91 /* TokensComponentsLight.swift in Sources */,
				10FB00F42EEA690C00A65E91 /* TokensCoreDark.swift in Sources */,
				10FB00F52EEA690C00A65E91 /* AddToSheet.swift in Sources */,
				10FB00F62EEA690C00A65E91 /* SoftScrollEdgeModifier.swift in Sources */,
				AD29C4AD2EED0C8400AA5B40 /* PLPView.swift in Sources */,
			);
			runOnlyForDeploymentPostprocessing = 0;
		};
/* End PBXSourcesBuildPhase section */

/* Begin XCBuildConfiguration section */
		10FB00CE2EEA62D800A65E91 /* Debug */ = {
			isa = XCBuildConfiguration;
			buildSettings = {
				ASSETCATALOG_COMPILER_APPICON_NAME = "";
				"ASSETCATALOG_COMPILER_APPICON_NAME[sdk=iphoneos*]" = hammer.icon;
				ASSETCATALOG_COMPILER_GLOBAL_ACCENT_COLOR_NAME = AccentColor;
				ASSETCATALOG_COMPILER_INCLUDE_ALL_APPICON_ASSETS = YES;
				CODE_SIGN_STYLE = Automatic;
				CURRENT_PROJECT_VERSION = 1;
				DEVELOPMENT_TEAM = PXW75HBGNQ;
				ENABLE_PREVIEWS = YES;
				GENERATE_INFOPLIST_FILE = YES;
				INFOPLIST_KEY_CFBundleDisplayName = CameraEye;
				INFOPLIST_KEY_LSApplicationCategoryType = "public.app-category.shopping";
				INFOPLIST_KEY_UIApplicationSceneManifest_Generation = YES;
				INFOPLIST_KEY_UIApplicationSupportsIndirectInputEvents = YES;
				INFOPLIST_KEY_UILaunchScreen_Generation = YES;
				INFOPLIST_KEY_UISupportedInterfaceOrientations = UIInterfaceOrientationPortrait;
				INFOPLIST_KEY_UISupportedInterfaceOrientations_iPad = "UIInterfaceOrientationLandscapeLeft UIInterfaceOrientationLandscapeRight UIInterfaceOrientationPortrait UIInterfaceOrientationPortraitUpsideDown";
				IPHONEOS_DEPLOYMENT_TARGET = 26.1;
				LD_RUNPATH_SEARCH_PATHS = (
					"$(inherited)",
					"@executable_path/Frameworks",
				);
				MARKETING_VERSION = 1.0;
				PRODUCT_BUNDLE_IDENTIFIER = THDOps.CameraEye;
				PRODUCT_NAME = "$(TARGET_NAME)";
				STRING_CATALOG_GENERATE_SYMBOLS = YES;
				SUPPORTED_PLATFORMS = "iphoneos iphonesimulator";
				SUPPORTS_MACCATALYST = NO;
				SUPPORTS_MAC_DESIGNED_FOR_IPHONE_IPAD = NO;
				SUPPORTS_XR_DESIGNED_FOR_IPHONE_IPAD = NO;
				SWIFT_APPROACHABLE_CONCURRENCY = YES;
				SWIFT_DEFAULT_ACTOR_ISOLATION = MainActor;
				SWIFT_EMIT_LOC_STRINGS = YES;
				SWIFT_UPCOMING_FEATURE_MEMBER_IMPORT_VISIBILITY = YES;
				SWIFT_VERSION = 5.0;
				TARGETED_DEVICE_FAMILY = 1;
			};
			name = Debug;
		};
		10FB00CF2EEA62D800A65E91 /* Release */ = {
			isa = XCBuildConfiguration;
			buildSettings = {
				ASSETCATALOG_COMPILER_APPICON_NAME = "";
				ASSETCATALOG_COMPILER_GLOBAL_ACCENT_COLOR_NAME = AccentColor;
				ASSETCATALOG_COMPILER_INCLUDE_ALL_APPICON_ASSETS = YES;
				CODE_SIGN_STYLE = Automatic;
				CURRENT_PROJECT_VERSION = 1;
				DEVELOPMENT_TEAM = PXW75HBGNQ;
				ENABLE_PREVIEWS = YES;
				GENERATE_INFOPLIST_FILE = YES;
				INFOPLIST_KEY_CFBundleDisplayName = CameraEye;
				INFOPLIST_KEY_LSApplicationCategoryType = "public.app-category.shopping";
				INFOPLIST_KEY_UIApplicationSceneManifest_Generation = YES;
				INFOPLIST_KEY_UIApplicationSupportsIndirectInputEvents = YES;
				INFOPLIST_KEY_UILaunchScreen_Generation = YES;
				INFOPLIST_KEY_UISupportedInterfaceOrientations = UIInterfaceOrientationPortrait;
				INFOPLIST_KEY_UISupportedInterfaceOrientations_iPad = "UIInterfaceOrientationLandscapeLeft UIInterfaceOrientationLandscapeRight UIInterfaceOrientationPortrait UIInterfaceOrientationPortraitUpsideDown";
				IPHONEOS_DEPLOYMENT_TARGET = 26.1;
				LD_RUNPATH_SEARCH_PATHS = (
					"$(inherited)",
					"@executable_path/Frameworks",
				);
				MARKETING_VERSION = 1.0;
				PRODUCT_BUNDLE_IDENTIFIER = THDOps.CameraEye;
				PRODUCT_NAME = "$(TARGET_NAME)";
				STRING_CATALOG_GENERATE_SYMBOLS = YES;
				SUPPORTED_PLATFORMS = "iphoneos iphonesimulator";
				SUPPORTS_MACCATALYST = NO;
				SUPPORTS_MAC_DESIGNED_FOR_IPHONE_IPAD = NO;
				SUPPORTS_XR_DESIGNED_FOR_IPHONE_IPAD = NO;
				SWIFT_APPROACHABLE_CONCURRENCY = YES;
				SWIFT_DEFAULT_ACTOR_ISOLATION = MainActor;
				SWIFT_EMIT_LOC_STRINGS = YES;
				SWIFT_UPCOMING_FEATURE_MEMBER_IMPORT_VISIBILITY = YES;
				SWIFT_VERSION = 5.0;
				TARGETED_DEVICE_FAMILY = 1;
			};
			name = Release;
		};
		A1000090230F0000 /* Debug */ = {
			isa = XCBuildConfiguration;
			buildSettings = {
				ALWAYS_SEARCH_USER_PATHS = NO;
				ASSETCATALOG_COMPILER_GENERATE_SWIFT_ASSET_SYMBOL_EXTENSIONS = YES;
				CLANG_ANALYZER_NONNULL = YES;
				CLANG_ANALYZER_NUMBER_OBJECT_CONVERSION = YES_AGGRESSIVE;
				CLANG_CXX_LANGUAGE_STANDARD = "gnu++20";
				CLANG_ENABLE_MODULES = YES;
				CLANG_ENABLE_OBJC_ARC = YES;
				CLANG_ENABLE_OBJC_WEAK = YES;
				CLANG_WARN_BLOCK_CAPTURE_AUTORELEASING = YES;
				CLANG_WARN_BOOL_CONVERSION = YES;
				CLANG_WARN_COMMA = YES;
				CLANG_WARN_CONSTANT_CONVERSION = YES;
				CLANG_WARN_DEPRECATED_OBJC_IMPLEMENTATIONS = YES;
				CLANG_WARN_DIRECT_OBJC_ISA_USAGE = YES_ERROR;
				CLANG_WARN_DOCUMENTATION_COMMENTS = YES;
				CLANG_WARN_EMPTY_BODY = YES;
				CLANG_WARN_ENUM_CONVERSION = YES;
				CLANG_WARN_INFINITE_RECURSION = YES;
				CLANG_WARN_INT_CONVERSION = YES;
				CLANG_WARN_NON_LITERAL_NULL_CONVERSION = YES;
				CLANG_WARN_OBJC_IMPLICIT_RETAIN_SELF = YES;
				CLANG_WARN_OBJC_LITERAL_CONVERSION = YES;
				CLANG_WARN_OBJC_ROOT_CLASS = YES_ERROR;
				CLANG_WARN_QUOTED_INCLUDE_IN_FRAMEWORK_HEADER = YES;
				CLANG_WARN_RANGE_LOOP_ANALYSIS = YES;
				CLANG_WARN_STRICT_PROTOTYPES = YES;
				CLANG_WARN_SUSPICIOUS_MOVE = YES;
				CLANG_WARN_UNGUARDED_AVAILABILITY = YES_AGGRESSIVE;
				CLANG_WARN_UNREACHABLE_CODE = YES;
				CLANG_WARN__DUPLICATE_METHOD_MATCH = YES;
				COPY_PHASE_STRIP = NO;
				DEBUG_INFORMATION_FORMAT = dwarf;
				ENABLE_STRICT_OBJC_MSGSEND = YES;
				ENABLE_TESTABILITY = YES;
				ENABLE_USER_SCRIPT_SANDBOXING = YES;
				GCC_C_LANGUAGE_STANDARD = gnu17;
				GCC_DYNAMIC_NO_PIC = NO;
				GCC_NO_COMMON_BLOCKS = YES;
				GCC_OPTIMIZATION_LEVEL = 0;
				GCC_PREPROCESSOR_DEFINITIONS = (
					"DEBUG=1",
					"$(inherited)",
				);
				GCC_WARN_64_TO_32_BIT_CONVERSION = YES;
				GCC_WARN_ABOUT_RETURN_TYPE = YES_ERROR;
				GCC_WARN_UNDECLARED_SELECTOR = YES;
				GCC_WARN_UNINITIALIZED_AUTOS = YES_AGGRESSIVE;
				GCC_WARN_UNUSED_FUNCTION = YES;
				GCC_WARN_UNUSED_VARIABLE = YES;
				IPHONEOS_DEPLOYMENT_TARGET = 26.0;
				LOCALIZATION_PREFERS_STRING_CATALOGS = YES;
				MTL_ENABLE_DEBUG_INFO = INCLUDE_SOURCE;
				MTL_FAST_MATH = YES;
				ONLY_ACTIVE_ARCH = YES;
				SDKROOT = iphoneos;
				STRING_CATALOG_GENERATE_SYMBOLS = YES;
				SWIFT_ACTIVE_COMPILATION_CONDITIONS = "DEBUG $(inherited)";
				SWIFT_OPTIMIZATION_LEVEL = "-Onone";
			};
			name = Debug;
		};
		A1000091230F0000 /* Release */ = {
			isa = XCBuildConfiguration;
			buildSettings = {
				ALWAYS_SEARCH_USER_PATHS = NO;
				ASSETCATALOG_COMPILER_GENERATE_SWIFT_ASSET_SYMBOL_EXTENSIONS = YES;
				CLANG_ANALYZER_NONNULL = YES;
				CLANG_ANALYZER_NUMBER_OBJECT_CONVERSION = YES_AGGRESSIVE;
				CLANG_CXX_LANGUAGE_STANDARD = "gnu++20";
				CLANG_ENABLE_MODULES = YES;
				CLANG_ENABLE_OBJC_ARC = YES;
				CLANG_ENABLE_OBJC_WEAK = YES;
				CLANG_WARN_BLOCK_CAPTURE_AUTORELEASING = YES;
				CLANG_WARN_BOOL_CONVERSION = YES;
				CLANG_WARN_COMMA = YES;
				CLANG_WARN_CONSTANT_CONVERSION = YES;
				CLANG_WARN_DEPRECATED_OBJC_IMPLEMENTATIONS = YES;
				CLANG_WARN_DIRECT_OBJC_ISA_USAGE = YES_ERROR;
				CLANG_WARN_DOCUMENTATION_COMMENTS = YES;
				CLANG_WARN_EMPTY_BODY = YES;
				CLANG_WARN_ENUM_CONVERSION = YES;
				CLANG_WARN_INFINITE_RECURSION = YES;
				CLANG_WARN_INT_CONVERSION = YES;
				CLANG_WARN_NON_LITERAL_NULL_CONVERSION = YES;
				CLANG_WARN_OBJC_IMPLICIT_RETAIN_SELF = YES;
				CLANG_WARN_OBJC_LITERAL_CONVERSION = YES;
				CLANG_WARN_OBJC_ROOT_CLASS = YES_ERROR;
				CLANG_WARN_QUOTED_INCLUDE_IN_FRAMEWORK_HEADER = YES;
				CLANG_WARN_RANGE_LOOP_ANALYSIS = YES;
				CLANG_WARN_STRICT_PROTOTYPES = YES;
				CLANG_WARN_SUSPICIOUS_MOVE = YES;
				CLANG_WARN_UNGUARDED_AVAILABILITY = YES_AGGRESSIVE;
				CLANG_WARN_UNREACHABLE_CODE = YES;
				CLANG_WARN__DUPLICATE_METHOD_MATCH = YES;
				COPY_PHASE_STRIP = NO;
				DEBUG_INFORMATION_FORMAT = "dwarf-with-dsym";
				ENABLE_NS_ASSERTIONS = NO;
				ENABLE_STRICT_OBJC_MSGSEND = YES;
				ENABLE_USER_SCRIPT_SANDBOXING = YES;
				GCC_C_LANGUAGE_STANDARD = gnu17;
				GCC_NO_COMMON_BLOCKS = YES;
				GCC_WARN_64_TO_32_BIT_CONVERSION = YES;
				GCC_WARN_ABOUT_RETURN_TYPE = YES_ERROR;
				GCC_WARN_UNDECLARED_SELECTOR = YES;
				GCC_WARN_UNINITIALIZED_AUTOS = YES_AGGRESSIVE;
				GCC_WARN_UNUSED_FUNCTION = YES;
				GCC_WARN_UNUSED_VARIABLE = YES;
				IPHONEOS_DEPLOYMENT_TARGET = 26.0;
				LOCALIZATION_PREFERS_STRING_CATALOGS = YES;
				MTL_ENABLE_DEBUG_INFO = NO;
				MTL_FAST_MATH = YES;
				SDKROOT = iphoneos;
				STRING_CATALOG_GENERATE_SYMBOLS = YES;
				SWIFT_COMPILATION_MODE = wholemodule;
				VALIDATE_PRODUCT = YES;
			};
			name = Release;
		};
/* End XCBuildConfiguration section */

/* Begin XCConfigurationList section */
		10FB00D02EEA62D800A65E91 /* Build configuration list for PBXNativeTarget "CameraEye" */ = {
			isa = XCConfigurationList;
			buildConfigurations = (
				10FB00CE2EEA62D800A65E91 /* Debug */,
				10FB00CF2EEA62D800A65E91 /* Release */,
			);
			defaultConfigurationIsVisible = 0;
			defaultConfigurationName = Release;
		};
		A1000081230F0000 /* Build configuration list for PBXProject "CameraEye" */ = {
			isa = XCConfigurationList;
			buildConfigurations = (
				A1000090230F0000 /* Debug */,
				A1000091230F0000 /* Release */,
			);
			defaultConfigurationIsVisible = 0;
			defaultConfigurationName = Release;
		};
/* End XCConfigurationList section */
	};
	rootObject = A1000080230F0000 /* Project object */;
}
